PODS:
  - ICGVideoTrimmer (1.1)
  - LLVideoEditor (1.0.0)
  - Masonry (1.1.0)
  - OLCVideoPlayer (1.0.0)

DEPENDENCIES:
  - ICGVideoTrimmer
  - LLVideoEditor
  - Masonry
  - OLCVideoPlayer

SPEC REPOS:
  https://github.com/CocoaPods/Specs.git:
    - ICGVideoTrimmer
    - LLVideoEditor
    - Masonry
    - OLCVideoPlayer

SPEC CHECKSUMS:
  ICGVideoTrimmer: 1f54de0595af56af2a406f20cdb33c1c440d15cd
  LLVideoEditor: f287ea4a532dade2b40ba042c80bf76a546325e5
  Masonry: 678fab65091a9290e40e2832a55e7ab731aad201
  OLCVideoPlayer: a55850e1c1d4331fdcd3e9809f96351c6fd6fd73

PODFILE CHECKSUM: 3ec6df35c330f8688896a71186c5e390548b5f88

COCOAPODS: 1.5.0
